
Microsoft Visual Studio Solution File, Format Version 12.00
# Visual Studio 2015
Project("{FAE04EC0-301F-11D3-BF4B-00C04F79EFBC}") = "bloques - FRANKLYN CON ESFERA A VER SI SE ARREGLA", "bloques - FRANKLYN CON ESFERA A VER SI SE ARREGLA.csproj", "{C9ECDE9B-C895-3092-DE41-2D8E0D26DD38}"
EndProject
Global
	GlobalSection(SolutionConfigurationPlatforms) = preSolution
		Debug|Any CPU = Debug|Any CPU
		Release|Any CPU = Release|Any CPU
	EndGlobalSection
	GlobalSection(ProjectConfigurationPlatforms) = postSolution
		{C9ECDE9B-C895-3092-DE41-2D8E0D26DD38}.Debug|Any CPU.ActiveCfg = Debug|Any CPU
		{C9ECDE9B-C895-3092-DE41-2D8E0D26DD38}.Debug|Any CPU.Build.0 = Debug|Any CPU
		{C9ECDE9B-C895-3092-DE41-2D8E0D26DD38}.Release|Any CPU.ActiveCfg = Release|Any CPU
		{C9ECDE9B-C895-3092-DE41-2D8E0D26DD38}.Release|Any CPU.Build.0 = Release|Any CPU
	EndGlobalSection
	GlobalSection(SolutionProperties) = preSolution
		HideSolutionNode = FALSE
	EndGlobalSection
EndGlobal
